
Microsoft Visual Studio Solution File, Format Version 12.00
# Visual Studio 15
VisualStudioVersion = 15.0.28010.2041
MinimumVisualStudioVersion = 10.0.40219.1
Project("{FAE04EC0-301F-11D3-BF4B-00C04F79EFBC}") = "CalTron3k", "CalTron3k\CalTron3k.csproj", "{5EA0BDDD-5A70-4201-BF71-18DD875FFCD2}"
EndProject
Global
	GlobalSection(SolutionConfigurationPlatforms) = preSolution
		Debug|Any CPU = Debug|Any CPU
		Release|Any CPU = Release|Any CPU
	EndGlobalSection
	GlobalSection(ProjectConfigurationPlatforms) = postSolution
		{5EA0BDDD-5A70-4201-BF71-18DD875FFCD2}.Debug|Any CPU.ActiveCfg = Debug|Any CPU
		{5EA0BDDD-5A70-4201-BF71-18DD875FFCD2}.Debug|Any CPU.Build.0 = Debug|Any CPU
		{5EA0BDDD-5A70-4201-BF71-18DD875FFCD2}.Release|Any CPU.ActiveCfg = Release|Any CPU
		{5EA0BDDD-5A70-4201-BF71-18DD875FFCD2}.Release|Any CPU.Build.0 = Release|Any CPU
	EndGlobalSection
	GlobalSection(SolutionProperties) = preSolution
		HideSolutionNode = FALSE
	EndGlobalSection
	GlobalSection(ExtensibilityGlobals) = postSolution
		SolutionGuid = {5CB30058-9CD8-445A-A135-BD2B0DDDCC8A}
	EndGlobalSection
EndGlobal
